
Microsoft Visual Studio Solution File, Format Version 12.00
# Visual Studio Version 17
VisualStudioVersion = 17.0.31912.275
MinimumVisualStudioVersion = 10.0.40219.1
Project("{9A19103F-16F7-4668-BE54-9A1E7A4F7556}") = "Domain", "Domain.csproj", "{BAF906AB-4563-40E0-A69A-59ED85B05208}"
EndProject
Project("{FAE04EC0-301F-11D3-BF4B-00C04F79EFBC}") = "Repository", "..\Repository\Repository.csproj", "{A5D2F86E-666C-4736-85F1-6817F6DA89D8}"
EndProject
Project("{FAE04EC0-301F-11D3-BF4B-00C04F79EFBC}") = "ConfigEfcore", "..\ConfigEfcore\ConfigEfcore.csproj", "{06549B3F-1312-48B4-AA6B-305E922B59E5}"
EndProject
Global
	GlobalSection(SolutionConfigurationPlatforms) = preSolution
		Debug|Any CPU = Debug|Any CPU
		Release|Any CPU = Release|Any CPU
	EndGlobalSection
	GlobalSection(ProjectConfigurationPlatforms) = postSolution
		{BAF906AB-4563-40E0-A69A-59ED85B05208}.Debug|Any CPU.ActiveCfg = Debug|Any CPU
		{BAF906AB-4563-40E0-A69A-59ED85B05208}.Debug|Any CPU.Build.0 = Debug|Any CPU
		{BAF906AB-4563-40E0-A69A-59ED85B05208}.Release|Any CPU.ActiveCfg = Release|Any CPU
		{BAF906AB-4563-40E0-A69A-59ED85B05208}.Release|Any CPU.Build.0 = Release|Any CPU
		{A5D2F86E-666C-4736-85F1-6817F6DA89D8}.Debug|Any CPU.ActiveCfg = Debug|Any CPU
		{A5D2F86E-666C-4736-85F1-6817F6DA89D8}.Debug|Any CPU.Build.0 = Debug|Any CPU
		{A5D2F86E-666C-4736-85F1-6817F6DA89D8}.Release|Any CPU.ActiveCfg = Release|Any CPU
		{A5D2F86E-666C-4736-85F1-6817F6DA89D8}.Release|Any CPU.Build.0 = Release|Any CPU
		{06549B3F-1312-48B4-AA6B-305E922B59E5}.Debug|Any CPU.ActiveCfg = Debug|Any CPU
		{06549B3F-1312-48B4-AA6B-305E922B59E5}.Debug|Any CPU.Build.0 = Debug|Any CPU
		{06549B3F-1312-48B4-AA6B-305E922B59E5}.Release|Any CPU.ActiveCfg = Release|Any CPU
		{06549B3F-1312-48B4-AA6B-305E922B59E5}.Release|Any CPU.Build.0 = Release|Any CPU
	EndGlobalSection
	GlobalSection(SolutionProperties) = preSolution
		HideSolutionNode = FALSE
	EndGlobalSection
	GlobalSection(ExtensibilityGlobals) = postSolution
		SolutionGuid = {54F75D6E-7DE9-4E37-9365-F8454DBBCF04}
	EndGlobalSection
EndGlobal
